
Microsoft Visual Studio Solution File, Format Version 12.00
# Visual Studio Version 17
VisualStudioVersion = 17.11.35222.181
MinimumVisualStudioVersion = 10.0.40219.1
Project("{9A19103F-16F7-4668-BE54-9A1E7A4F7556}") = "RawHIDBroker.HIDMessaging", "RawHIDBroker.Messaging\RawHIDBroker.HIDMessaging.csproj", "{3B953EEB-A17F-4536-B115-EB150505A861}"
EndProject
Project("{9A19103F-16F7-4668-BE54-9A1E7A4F7556}") = "RawHIDBroker.EventLoop", "RawHIDBroker.EventLoop\RawHIDBroker.EventLoop.csproj", "{2A4F6A0D-02C9-4114-BBD7-E4A3F2ECF71D}"
EndProject
Project("{9A19103F-16F7-4668-BE54-9A1E7A4F7556}") = "RawHIDBroker.Tests", "RawHIDBroker.Tests\RawHIDBroker.Tests.csproj", "{8CAB22C1-1A36-4CDE-984D-227437EC5C13}"
EndProject
Project("{FAE04EC0-301F-11D3-BF4B-00C04F79EFBC}") = "RawHIDBroker.UI", "RawHIDBroker.UI\RawHIDBroker.UI.csproj", "{C330C971-24C7-4343-F4FA-698AE35D41FF}"
EndProject
Project("{FAE04EC0-301F-11D3-BF4B-00C04F79EFBC}") = "RawHIDBroker.UI.Desktop", "RawHIDBroker.UI.Desktop\RawHIDBroker.UI.Desktop.csproj", "{EB3693B4-E908-D7F2-E9DD-0E7D30F652B7}"
EndProject
Project("{FAE04EC0-301F-11D3-BF4B-00C04F79EFBC}") = "RawHIDBroker.Demos.BadApple", "BadApple\RawHIDBroker.Demos.BadApple.csproj", "{8BC32709-3032-4CA5-9C10-24C343F785BD}"
EndProject
Project("{FAE04EC0-301F-11D3-BF4B-00C04F79EFBC}") = "RawHIDBroker.Demos.FFTVisualizer", "FFTVisualizer\RawHIDBroker.Demos.FFTVisualizer.csproj", "{6FBBB785-521D-4BCD-A5C2-EBD87920B585}"
EndProject
Global
	GlobalSection(SolutionConfigurationPlatforms) = preSolution
		Debug|Any CPU = Debug|Any CPU
		Debug|x64 = Debug|x64
		Release|Any CPU = Release|Any CPU
		Release|x64 = Release|x64
	EndGlobalSection
	GlobalSection(ProjectConfigurationPlatforms) = postSolution
		{3B953EEB-A17F-4536-B115-EB150505A861}.Debug|Any CPU.ActiveCfg = Debug|Any CPU
		{3B953EEB-A17F-4536-B115-EB150505A861}.Debug|Any CPU.Build.0 = Debug|Any CPU
		{3B953EEB-A17F-4536-B115-EB150505A861}.Debug|x64.ActiveCfg = Debug|x64
		{3B953EEB-A17F-4536-B115-EB150505A861}.Debug|x64.Build.0 = Debug|x64
		{3B953EEB-A17F-4536-B115-EB150505A861}.Release|Any CPU.ActiveCfg = Release|Any CPU
		{3B953EEB-A17F-4536-B115-EB150505A861}.Release|Any CPU.Build.0 = Release|Any CPU
		{3B953EEB-A17F-4536-B115-EB150505A861}.Release|x64.ActiveCfg = Release|x64
		{3B953EEB-A17F-4536-B115-EB150505A861}.Release|x64.Build.0 = Release|x64
		{2A4F6A0D-02C9-4114-BBD7-E4A3F2ECF71D}.Debug|Any CPU.ActiveCfg = Debug|Any CPU
		{2A4F6A0D-02C9-4114-BBD7-E4A3F2ECF71D}.Debug|Any CPU.Build.0 = Debug|Any CPU
		{2A4F6A0D-02C9-4114-BBD7-E4A3F2ECF71D}.Debug|x64.ActiveCfg = Debug|x64
		{2A4F6A0D-02C9-4114-BBD7-E4A3F2ECF71D}.Debug|x64.Build.0 = Debug|x64
		{2A4F6A0D-02C9-4114-BBD7-E4A3F2ECF71D}.Release|Any CPU.ActiveCfg = Release|Any CPU
		{2A4F6A0D-02C9-4114-BBD7-E4A3F2ECF71D}.Release|Any CPU.Build.0 = Release|Any CPU
		{2A4F6A0D-02C9-4114-BBD7-E4A3F2ECF71D}.Release|x64.ActiveCfg = Release|x64
		{2A4F6A0D-02C9-4114-BBD7-E4A3F2ECF71D}.Release|x64.Build.0 = Release|x64
		{8CAB22C1-1A36-4CDE-984D-227437EC5C13}.Debug|Any CPU.ActiveCfg = Debug|Any CPU
		{8CAB22C1-1A36-4CDE-984D-227437EC5C13}.Debug|Any CPU.Build.0 = Debug|Any CPU
		{8CAB22C1-1A36-4CDE-984D-227437EC5C13}.Debug|x64.ActiveCfg = Debug|x64
		{8CAB22C1-1A36-4CDE-984D-227437EC5C13}.Debug|x64.Build.0 = Debug|x64
		{8CAB22C1-1A36-4CDE-984D-227437EC5C13}.Release|Any CPU.ActiveCfg = Release|Any CPU
		{8CAB22C1-1A36-4CDE-984D-227437EC5C13}.Release|Any CPU.Build.0 = Release|Any CPU
		{8CAB22C1-1A36-4CDE-984D-227437EC5C13}.Release|x64.ActiveCfg = Release|x64
		{8CAB22C1-1A36-4CDE-984D-227437EC5C13}.Release|x64.Build.0 = Release|x64
		{C330C971-24C7-4343-F4FA-698AE35D41FF}.Debug|Any CPU.ActiveCfg = Debug|Any CPU
		{C330C971-24C7-4343-F4FA-698AE35D41FF}.Debug|Any CPU.Build.0 = Debug|Any CPU
		{C330C971-24C7-4343-F4FA-698AE35D41FF}.Debug|x64.ActiveCfg = Debug|Any CPU
		{C330C971-24C7-4343-F4FA-698AE35D41FF}.Debug|x64.Build.0 = Debug|Any CPU
		{C330C971-24C7-4343-F4FA-698AE35D41FF}.Release|Any CPU.ActiveCfg = Release|Any CPU
		{C330C971-24C7-4343-F4FA-698AE35D41FF}.Release|Any CPU.Build.0 = Release|Any CPU
		{C330C971-24C7-4343-F4FA-698AE35D41FF}.Release|x64.ActiveCfg = Release|Any CPU
		{C330C971-24C7-4343-F4FA-698AE35D41FF}.Release|x64.Build.0 = Release|Any CPU
		{EB3693B4-E908-D7F2-E9DD-0E7D30F652B7}.Debug|Any CPU.ActiveCfg = Debug|Any CPU
		{EB3693B4-E908-D7F2-E9DD-0E7D30F652B7}.Debug|Any CPU.Build.0 = Debug|Any CPU
		{EB3693B4-E908-D7F2-E9DD-0E7D30F652B7}.Debug|x64.ActiveCfg = Debug|Any CPU
		{EB3693B4-E908-D7F2-E9DD-0E7D30F652B7}.Debug|x64.Build.0 = Debug|Any CPU
		{EB3693B4-E908-D7F2-E9DD-0E7D30F652B7}.Release|Any CPU.ActiveCfg = Release|Any CPU
		{EB3693B4-E908-D7F2-E9DD-0E7D30F652B7}.Release|Any CPU.Build.0 = Release|Any CPU
		{EB3693B4-E908-D7F2-E9DD-0E7D30F652B7}.Release|x64.ActiveCfg = Release|Any CPU
		{EB3693B4-E908-D7F2-E9DD-0E7D30F652B7}.Release|x64.Build.0 = Release|Any CPU
		{8BC32709-3032-4CA5-9C10-24C343F785BD}.Debug|Any CPU.ActiveCfg = Debug|Any CPU
		{8BC32709-3032-4CA5-9C10-24C343F785BD}.Debug|Any CPU.Build.0 = Debug|Any CPU
		{8BC32709-3032-4CA5-9C10-24C343F785BD}.Debug|x64.ActiveCfg = Debug|Any CPU
		{8BC32709-3032-4CA5-9C10-24C343F785BD}.Debug|x64.Build.0 = Debug|Any CPU
		{8BC32709-3032-4CA5-9C10-24C343F785BD}.Release|Any CPU.ActiveCfg = Release|Any CPU
		{8BC32709-3032-4CA5-9C10-24C343F785BD}.Release|Any CPU.Build.0 = Release|Any CPU
		{8BC32709-3032-4CA5-9C10-24C343F785BD}.Release|x64.ActiveCfg = Release|Any CPU
		{8BC32709-3032-4CA5-9C10-24C343F785BD}.Release|x64.Build.0 = Release|Any CPU
		{6FBBB785-521D-4BCD-A5C2-EBD87920B585}.Debug|Any CPU.ActiveCfg = Debug|Any CPU
		{6FBBB785-521D-4BCD-A5C2-EBD87920B585}.Debug|Any CPU.Build.0 = Debug|Any CPU
		{6FBBB785-521D-4BCD-A5C2-EBD87920B585}.Debug|x64.ActiveCfg = Debug|Any CPU
		{6FBBB785-521D-4BCD-A5C2-EBD87920B585}.Debug|x64.Build.0 = Debug|Any CPU
		{6FBBB785-521D-4BCD-A5C2-EBD87920B585}.Release|Any CPU.ActiveCfg = Release|Any CPU
		{6FBBB785-521D-4BCD-A5C2-EBD87920B585}.Release|Any CPU.Build.0 = Release|Any CPU
		{6FBBB785-521D-4BCD-A5C2-EBD87920B585}.Release|x64.ActiveCfg = Release|Any CPU
		{6FBBB785-521D-4BCD-A5C2-EBD87920B585}.Release|x64.Build.0 = Release|Any CPU
	EndGlobalSection
	GlobalSection(SolutionProperties) = preSolution
		HideSolutionNode = FALSE
	EndGlobalSection
	GlobalSection(ExtensibilityGlobals) = postSolution
		SolutionGuid = {548E9D50-2D16-47F9-88EB-C9F5AD7B3B33}
	EndGlobalSection
EndGlobal
